
Microsoft Visual Studio Solution File, Format Version 12.00
Project("{FAE04EC0-301F-11D3-BF4B-00C04F79EFBC}") = "Tests", "Tests\Tests.csproj", "{6717C439-A01B-4F5E-8626-978A92A7D07F}"
EndProject
Project("{FAE04EC0-301F-11D3-BF4B-00C04F79EFBC}") = "Application", "Application\Application.csproj", "{470B63A8-37C5-475D-BE65-2542319CFED5}"
EndProject
Global
	GlobalSection(SolutionConfigurationPlatforms) = preSolution
		Debug|Any CPU = Debug|Any CPU
		Release|Any CPU = Release|Any CPU
	EndGlobalSection
	GlobalSection(ProjectConfigurationPlatforms) = postSolution
		{6717C439-A01B-4F5E-8626-978A92A7D07F}.Debug|Any CPU.ActiveCfg = Debug|Any CPU
		{6717C439-A01B-4F5E-8626-978A92A7D07F}.Debug|Any CPU.Build.0 = Debug|Any CPU
		{470B63A8-37C5-475D-BE65-2542319CFED5}.Debug|Any CPU.ActiveCfg = Debug|Any CPU
		{470B63A8-37C5-475D-BE65-2542319CFED5}.Debug|Any CPU.Build.0 = Debug|Any CPU
		{470B63A8-37C5-475D-BE65-2542319CFED5}.Release|Any CPU.ActiveCfg = Release|Any CPU
		{470B63A8-37C5-475D-BE65-2542319CFED5}.Release|Any CPU.Build.0 = Release|Any CPU
	EndGlobalSection
EndGlobal
